{
  "name": "vanilla-calendar-test",
  "version": "1.0.0",
  "lockfileVersion": 3,
  "requires": true,
  "packages": {
    "": {
      "name": "vanilla-calendar-test",
      "version": "1.0.0",
      "license": "ISC",
      "dependencies": {
        "vanilla-calendar-pro": "^2.9.10"
      }
    },
    "node_modules/vanilla-calendar-pro": {
      "version": "2.9.10",
      "resolved": "https://registry.npmjs.org/vanilla-calendar-pro/-/vanilla-calendar-pro-2.9.10.tgz",
      "integrity": "sha512-0yqWqlvitfQSRqjyVVr613whIgp62qC1JHgXyLalcJkNkMRZXRqEr+QQQvRdQavB2PBgB4HW+GM6VU4KU0K3Ng=="
    }
  }
}
